
Microsoft Visual Studio Solution File, Format Version 12.00
# Visual Studio Version 17
VisualStudioVersion = 17.1.32421.90
MinimumVisualStudioVersion = 10.0.40219.1
Project("{FAE04EC0-301F-11D3-BF4B-00C04F79EFBC}") = "TTGWeb", "TTGWeb\TTGWeb.csproj", "{383AF0F7-A264-4BB5-85AC-E0D9D62B322D}"
EndProject
Global
	GlobalSection(SolutionConfigurationPlatforms) = preSolution
		Debug|Any CPU = Debug|Any CPU
		Release|Any CPU = Release|Any CPU
	EndGlobalSection
	GlobalSection(ProjectConfigurationPlatforms) = postSolution
		{383AF0F7-A264-4BB5-85AC-E0D9D62B322D}.Debug|Any CPU.ActiveCfg = Debug|Any CPU
		{383AF0F7-A264-4BB5-85AC-E0D9D62B322D}.Debug|Any CPU.Build.0 = Debug|Any CPU
		{383AF0F7-A264-4BB5-85AC-E0D9D62B322D}.Release|Any CPU.ActiveCfg = Release|Any CPU
		{383AF0F7-A264-4BB5-85AC-E0D9D62B322D}.Release|Any CPU.Build.0 = Release|Any CPU
	EndGlobalSection
	GlobalSection(SolutionProperties) = preSolution
		HideSolutionNode = FALSE
	EndGlobalSection
	GlobalSection(ExtensibilityGlobals) = postSolution
		SolutionGuid = {8AC32646-92C6-41CC-9EF8-2E826287E66B}
	EndGlobalSection
EndGlobal
